
Microsoft Visual Studio Solution File, Format Version 12.00
# Visual Studio Version 17
VisualStudioVersion = 17.5.33502.453
MinimumVisualStudioVersion = 10.0.40219.1
Project("{FAE04EC0-301F-11D3-BF4B-00C04F79EFBC}") = "Week2", "Week2\Week2.csproj", "{A76E6D0D-FC85-47E3-BBFA-DA756E267195}"
EndProject
Project("{FAE04EC0-301F-11D3-BF4B-00C04F79EFBC}") = "UserGenderValidation", "UserAgeValidation\UserGenderValidation.csproj", "{107E0B95-818E-48AE-ABB3-79D0EB320C74}"
EndProject
Project("{FAE04EC0-301F-11D3-BF4B-00C04F79EFBC}") = "UserAgeValidation-", "UserAgeValidation-\UserAgeValidation-.csproj", "{6232A542-9911-49FF-8543-72EBF4785BEE}"
EndProject
Global
	GlobalSection(SolutionConfigurationPlatforms) = preSolution
		Debug|Any CPU = Debug|Any CPU
		Release|Any CPU = Release|Any CPU
	EndGlobalSection
	GlobalSection(ProjectConfigurationPlatforms) = postSolution
		{A76E6D0D-FC85-47E3-BBFA-DA756E267195}.Debug|Any CPU.ActiveCfg = Debug|Any CPU
		{A76E6D0D-FC85-47E3-BBFA-DA756E267195}.Debug|Any CPU.Build.0 = Debug|Any CPU
		{A76E6D0D-FC85-47E3-BBFA-DA756E267195}.Release|Any CPU.ActiveCfg = Release|Any CPU
		{A76E6D0D-FC85-47E3-BBFA-DA756E267195}.Release|Any CPU.Build.0 = Release|Any CPU
		{107E0B95-818E-48AE-ABB3-79D0EB320C74}.Debug|Any CPU.ActiveCfg = Debug|Any CPU
		{107E0B95-818E-48AE-ABB3-79D0EB320C74}.Debug|Any CPU.Build.0 = Debug|Any CPU
		{107E0B95-818E-48AE-ABB3-79D0EB320C74}.Release|Any CPU.ActiveCfg = Release|Any CPU
		{107E0B95-818E-48AE-ABB3-79D0EB320C74}.Release|Any CPU.Build.0 = Release|Any CPU
		{6232A542-9911-49FF-8543-72EBF4785BEE}.Debug|Any CPU.ActiveCfg = Debug|Any CPU
		{6232A542-9911-49FF-8543-72EBF4785BEE}.Debug|Any CPU.Build.0 = Debug|Any CPU
		{6232A542-9911-49FF-8543-72EBF4785BEE}.Release|Any CPU.ActiveCfg = Release|Any CPU
		{6232A542-9911-49FF-8543-72EBF4785BEE}.Release|Any CPU.Build.0 = Release|Any CPU
	EndGlobalSection
	GlobalSection(SolutionProperties) = preSolution
		HideSolutionNode = FALSE
	EndGlobalSection
	GlobalSection(ExtensibilityGlobals) = postSolution
		SolutionGuid = {E1D587FD-E212-462F-837A-6A8608DBB2F0}
	EndGlobalSection
EndGlobal
